
Microsoft Visual Studio Solution File, Format Version 12.00
# Visual Studio Version 16
VisualStudioVersion = 16.0.30011.22
MinimumVisualStudioVersion = 10.0.40219.1
Project("{FAE04EC0-301F-11D3-BF4B-00C04F79EFBC}") = "ReflectionDemo", "ReflectionDemo\ReflectionDemo.csproj", "{A47E9A8B-EECD-4F9E-9E9A-1B9C722BA18C}"
EndProject
Global
	GlobalSection(SolutionConfigurationPlatforms) = preSolution
		Debug|Any CPU = Debug|Any CPU
		Release|Any CPU = Release|Any CPU
	EndGlobalSection
	GlobalSection(ProjectConfigurationPlatforms) = postSolution
		{A47E9A8B-EECD-4F9E-9E9A-1B9C722BA18C}.Debug|Any CPU.ActiveCfg = Debug|Any CPU
		{A47E9A8B-EECD-4F9E-9E9A-1B9C722BA18C}.Debug|Any CPU.Build.0 = Debug|Any CPU
		{A47E9A8B-EECD-4F9E-9E9A-1B9C722BA18C}.Release|Any CPU.ActiveCfg = Release|Any CPU
		{A47E9A8B-EECD-4F9E-9E9A-1B9C722BA18C}.Release|Any CPU.Build.0 = Release|Any CPU
	EndGlobalSection
	GlobalSection(SolutionProperties) = preSolution
		HideSolutionNode = FALSE
	EndGlobalSection
	GlobalSection(ExtensibilityGlobals) = postSolution
		SolutionGuid = {F7ED67BC-D1DD-4F1F-8A7A-3A07D6604A8F}
	EndGlobalSection
EndGlobal
